Microsoft Visual Studio Solution File, Format Version 12.00
# Visual Studio Version 17
VisualStudioVersion = 17.5.2.0
MinimumVisualStudioVersion = 10.0.40219.1
Project("{FAE04EC0-301F-11D3-BF4B-00C04F79EFBC}") = "Project Alpha fix", "Project Alpha fix.csproj", "{13D6B5CD-E2E2-EEF8-D602-C04DAA3827ED}"
EndProject
Global
	GlobalSection(SolutionConfigurationPlatforms) = preSolution
		Debug|Any CPU = Debug|Any CPU
		Release|Any CPU = Release|Any CPU
	EndGlobalSection
	GlobalSection(ProjectConfigurationPlatforms) = postSolution
		{13D6B5CD-E2E2-EEF8-D602-C04DAA3827ED}.Debug|Any CPU.ActiveCfg = Debug|Any CPU
		{13D6B5CD-E2E2-EEF8-D602-C04DAA3827ED}.Debug|Any CPU.Build.0 = Debug|Any CPU
		{13D6B5CD-E2E2-EEF8-D602-C04DAA3827ED}.Release|Any CPU.ActiveCfg = Release|Any CPU
		{13D6B5CD-E2E2-EEF8-D602-C04DAA3827ED}.Release|Any CPU.Build.0 = Release|Any CPU
	EndGlobalSection
	GlobalSection(SolutionProperties) = preSolution
		HideSolutionNode = FALSE
	EndGlobalSection
	GlobalSection(ExtensibilityGlobals) = postSolution
		SolutionGuid = {19B94CD7-F62A-41FD-87BF-5CAD70D5317D}
	EndGlobalSection
EndGlobal
